# THIS IS AN AUTOGENERATED FILE. DO NOT EDIT THIS FILE DIRECTLY.
# yarn lockfile v1


base58-encode@^0.2.0:
  version "0.2.0"
  resolved "https://registry.yarnpkg.com/base58-encode/-/base58-encode-0.2.0.tgz#99cf5bffdfa5fa49ea8d8fd031989d2eacef9dd4"
  integrity sha512-POFCTkUBsOIpeNKv26L1HY6goMGFQssUQe0O6XZu04J+D3a/UHRSvdx4DXU/2RE1FG6FWStWyQyljZBsFjMHLQ==
